// !$*UTF8*$!
{
	archiveVersion = 1;
	classes = {
	};
	objectVersion = 46;
	objects = {

/* Begin PBXBuildFile section */
		2714588D19BACBCD008985A6 /* AppDelegate.swift in Sources */ = {isa = PBXBuildFile; fileRef = 2714588C19BACBCD008985A6 /* AppDelegate.swift */; };
		2714588F19BACBCD008985A6 /* ViewController.swift in Sources */ = {isa = PBXBuildFile; fileRef = 2714588E19BACBCD008985A6 /* ViewController.swift */; };
		2714589219BACBCD008985A6 /* Main.storyboard in Resources */ = {isa = PBXBuildFile; fileRef = 2714589019BACBCD008985A6 /* Main.storyboard */; };
		2714589419BACBCD008985A6 /* Images.xcassets in Resources */ = {isa = PBXBuildFile; fileRef = 2714589319BACBCD008985A6 /* Images.xcassets */; };
		271458A019BACBCD008985A6 /* Project1Tests.swift in Sources */ = {isa = PBXBuildFile; fileRef = 2714589F19BACBCD008985A6 /* Project1Tests.swift */; };
		27D4AC6D19BB08C30049BE54 /* SubmitNameViewController.swift in Sources */ = {isa = PBXBuildFile; fileRef = 27D4AC6C19BB08C30049BE54 /* SubmitNameViewController.swift */; };
		27D4AC6F19BB0A3D0049BE54 /* VictimListViewController.swift in Sources */ = {isa = PBXBuildFile; fileRef = 27D4AC6E19BB0A3D0049BE54 /* VictimListViewController.swift */; };
		73ABA3CA19BAFDC30086B4B2 /* TableViewController.swift in Sources */ = {isa = PBXBuildFile; fileRef = 73ABA3C919BAFDC30086B4B2 /* TableViewController.swift */; };
		B944969E19BB280B00EF8D8E /* libsqlite3.dylib in Frameworks */ = {isa = PBXBuildFile; fileRef = B944969D19BB280B00EF8D8E /* libsqlite3.dylib */; };
/* End PBXBuildFile section */

/* Begin PBXContainerItemProxy section */
		2714589A19BACBCD008985A6 /* PBXContainerItemProxy */ = {
			isa = PBXContainerItemProxy;
			containerPortal = 2714587F19BACBCD008985A6 /* Project object */;
			proxyType = 1;
			remoteGlobalIDString = 2714588619BACBCD008985A6;
			remoteInfo = Project1;
		};
/* End PBXContainerItemProxy section */

/* Begin PBXFileReference section */
		2714588719BACBCD008985A6 /* Project1.app */ = {isa = PBXFileReference; explicitFileType = wrapper.application; includeInIndex = 0; path = Project1.app; sourceTree = BUILT_PRODUCTS_DIR; };
		2714588B19BACBCD008985A6 /* Info.plist */ = {isa = PBXFileReference; lastKnownFileType = text.plist.xml; path = Info.plist; sourceTree = "<group>"; };
		2714588C19BACBCD008985A6 /* AppDelegate.swift */ = {isa = PBXFileReference; lastKnownFileType = sourcecode.swift; path = AppDelegate.swift; sourceTree = "<group>"; };
		2714588E19BACBCD008985A6 /* ViewController.swift */ = {isa = PBXFileReference; lastKnownFileType = sourcecode.swift; path = ViewController.swift; sourceTree = "<group>"; };
		2714589119BACBCD008985A6 /* Base */ = {isa = PBXFileReference; lastKnownFileType = file.storyboard; name = Base; path = Base.lproj/Main.storyboard; sourceTree = "<group>"; };
		2714589319BACBCD008985A6 /* Images.xcassets */ = {isa = PBXFileReference; lastKnownFileType = folder.assetcatalog; path = Images.xcassets; sourceTree = "<group>"; };
		2714589919BACBCD008985A6 /* Project1Tests.xctest */ = {isa = PBXFileReference; explicitFileType = wrapper.cfbundle; includeInIndex = 0; path = Project1Tests.xctest; sourceTree = BUILT_PRODUCTS_DIR; };
		2714589E19BACBCD008985A6 /* Info.plist */ = {isa = PBXFileReference; lastKnownFileType = text.plist.xml; path = Info.plist; sourceTree = "<group>"; };
		2714589F19BACBCD008985A6 /* Project1Tests.swift */ = {isa = PBXFileReference; lastKnownFileType = sourcecode.swift; path = Project1Tests.swift; sourceTree = "<group>"; };
		27D4AC6C19BB08C30049BE54 /* SubmitNameViewController.swift */ = {isa = PBXFileReference; fileEncoding = 4; lastKnownFileType = sourcecode.swift; path = SubmitNameViewController.swift; sourceTree = "<group>"; };
		27D4AC6E19BB0A3D0049BE54 /* VictimListViewController.swift */ = {isa = PBXFileReference; fileEncoding = 4; lastKnownFileType = sourcecode.swift; path = VictimListViewController.swift; sourceTree = "<group>"; };
		73ABA3C919BAFDC30086B4B2 /* TableViewController.swift */ = {isa = PBXFileReference; fileEncoding = 4; lastKnownFileType = sourcecode.swift; path = TableViewController.swift; sourceTree = "<group>"; };
		B944969C19BB27D400EF8D8E /* Bridging-header.h */ = {isa = PBXFileReference; lastKnownFileType = sourcecode.c.h; path = "Bridging-header.h"; sourceTree = SOURCE_ROOT; };
		B944969D19BB280B00EF8D8E /* libsqlite3.dylib */ = {isa = PBXFileReference; lastKnownFileType = "compiled.mach-o.dylib"; name = libsqlite3.dylib; path = usr/lib/libsqlite3.dylib; sourceTree = SDKROOT; };
/* End PBXFileReference section */

/* Begin PBXFrameworksBuildPhase section */
		2714588419BACBCD008985A6 /* Frameworks */ = {
			isa = PBXFrameworksBuildPhase;
			buildActionMask = 2147483647;
			files = (
				B944969E19BB280B00EF8D8E /* libsqlite3.dylib in Frameworks */,
			);
			runOnlyForDeploymentPostprocessing = 0;
		};
		2714589619BACBCD008985A6 /* Frameworks */ = {
			isa = PBXFrameworksBuildPhase;
			buildActionMask = 2147483647;
			files = (
			);
			runOnlyForDeploymentPostprocessing = 0;
		};
/* End PBXFrameworksBuildPhase section */

/* Begin PBXGroup section */
		2714587E19BACBCD008985A6 = {
			isa = PBXGroup;
			children = (
				B944969D19BB280B00EF8D8E /* libsqlite3.dylib */,
				2714588919BACBCD008985A6 /* Project1 */,
				2714589C19BACBCD008985A6 /* Project1Tests */,
				2714588819BACBCD008985A6 /* Products */,
			);
			sourceTree = "<group>";
		};
		2714588819BACBCD008985A6 /* Products */ = {
			isa = PBXGroup;
			children = (
				2714588719BACBCD008985A6 /* Project1.app */,
				2714589919BACBCD008985A6 /* Project1Tests.xctest */,
			);
			name = Products;
			sourceTree = "<group>";
		};
		2714588919BACBCD008985A6 /* Project1 */ = {
			isa = PBXGroup;
			children = (
				2714588C19BACBCD008985A6 /* AppDelegate.swift */,
				73ABA3C919BAFDC30086B4B2 /* TableViewController.swift */,
				2714588E19BACBCD008985A6 /* ViewController.swift */,
				2714589019BACBCD008985A6 /* Main.storyboard */,
				2714589319BACBCD008985A6 /* Images.xcassets */,
				2714588A19BACBCD008985A6 /* Supporting Files */,
				B944969C19BB27D400EF8D8E /* Bridging-header.h */,
			);
			path = Project1;
			sourceTree = "<group>";
		};
		2714588A19BACBCD008985A6 /* Supporting Files */ = {
			isa = PBXGroup;
			children = (
				27D4AC6E19BB0A3D0049BE54 /* VictimListViewController.swift */,
				27D4AC6C19BB08C30049BE54 /* SubmitNameViewController.swift */,
				2714588B19BACBCD008985A6 /* Info.plist */,
			);
			name = "Supporting Files";
			sourceTree = "<group>";
		};
		2714589C19BACBCD008985A6 /* Project1Tests */ = {
			isa = PBXGroup;
			children = (
				2714589F19BACBCD008985A6 /* Project1Tests.swift */,
				2714589D19BACBCD008985A6 /* Supporting Files */,
			);
			path = Project1Tests;
			sourceTree = "<group>";
		};
		2714589D19BACBCD008985A6 /* Supporting Files */ = {
			isa = PBXGroup;
			children = (
				2714589E19BACBCD008985A6 /* Info.plist */,
			);
			name = "Supporting Files";
			sourceTree = "<group>";
		};
/* End PBXGroup section */

/* Begin PBXNativeTarget section */
		2714588619BACBCD008985A6 /* Project1 */ = {
			isa = PBXNativeTarget;
			buildConfigurationList = 271458A319BACBCD008985A6 /* Build configuration list for PBXNativeTarget "Project1" */;
			buildPhases = (
				2714588319BACBCD008985A6 /* Sources */,
				2714588419BACBCD008985A6 /* Frameworks */,
				2714588519BACBCD008985A6 /* Resources */,
			);
			buildRules = (
			);
			dependencies = (
			);
			name = Project1;
			productName = Project1;
			productReference = 2714588719BACBCD008985A6 /* Project1.app */;
			productType = "com.apple.product-type.application";
		};
		2714589819BACBCD008985A6 /* Project1Tests */ = {
			isa = PBXNativeTarget;
			buildConfigurationList = 271458A619BACBCD008985A6 /* Build configuration list for PBXNativeTarget "Project1Tests" */;
			buildPhases = (
				2714589519BACBCD008985A6 /* Sources */,
				2714589619BACBCD008985A6 /* Frameworks */,
				2714589719BACBCD008985A6 /* Resources */,
			);
			buildRules = (
			);
			dependencies = (
				2714589B19BACBCD008985A6 /* PBXTargetDependency */,
			);
			name = Project1Tests;
			productName = Project1Tests;
			productReference = 2714589919BACBCD008985A6 /* Project1Tests.xctest */;
			productType = "com.apple.product-type.bundle.unit-test";
		};
/* End PBXNativeTarget section */

/* Begin PBXProject section */
		2714587F19BACBCD008985A6 /* Project object */ = {
			isa = PBXProject;
			attributes = {
				LastUpgradeCheck = 0600;
				ORGANIZATIONNAME = MHacks;
				TargetAttributes = {
					2714588619BACBCD008985A6 = {
						CreatedOnToolsVersion = 6.0;
					};
					2714589819BACBCD008985A6 = {
						CreatedOnToolsVersion = 6.0;
						TestTargetID = 2714588619BACBCD008985A6;
					};
				};
			};
			buildConfigurationList = 2714588219BACBCD008985A6 /* Build configuration list for PBXProject "Project1" */;
			compatibilityVersion = "Xcode 3.2";
			developmentRegion = English;
			hasScannedForEncodings = 0;
			knownRegions = (
				en,
				Base,
			);
			mainGroup = 2714587E19BACBCD008985A6;
			productRefGroup = 2714588819BACBCD008985A6 /* Products */;
			projectDirPath = "";
			projectRoot = "";
			targets = (
				2714588619BACBCD008985A6 /* Project1 */,
				2714589819BACBCD008985A6 /* Project1Tests */,
			);
		};
/* End PBXProject section */

/* Begin PBXResourcesBuildPhase section */
		2714588519BACBCD008985A6 /* Resources */ = {
			isa = PBXResourcesBuildPhase;
			buildActionMask = 2147483647;
			files = (
				2714589219BACBCD008985A6 /* Main.storyboard in Resources */,
				2714589419BACBCD008985A6 /* Images.xcassets in Resources */,
			);
			runOnlyForDeploymentPostprocessing = 0;
		};
		2714589719BACBCD008985A6 /* Resources */ = {
			isa = PBXResourcesBuildPhase;
			buildActionMask = 2147483647;
			files = (
			);
			runOnlyForDeploymentPostprocessing = 0;
		};
/* End PBXResourcesBuildPhase section */

/* Begin PBXSourcesBuildPhase section */
		2714588319BACBCD008985A6 /* Sources */ = {
			isa = PBXSourcesBuildPhase;
			buildActionMask = 2147483647;
			files = (
				2714588F19BACBCD008985A6 /* ViewController.swift in Sources */,
				27D4AC6F19BB0A3D0049BE54 /* VictimListViewController.swift in Sources */,
				73ABA3CA19BAFDC30086B4B2 /* TableViewController.swift in Sources */,
				2714588D19BACBCD008985A6 /* AppDelegate.swift in Sources */,
				27D4AC6D19BB08C30049BE54 /* SubmitNameViewController.swift in Sources */,
			);
			runOnlyForDeploymentPostprocessing = 0;
		};
		2714589519BACBCD008985A6 /* Sources */ = {
			isa = PBXSourcesBuildPhase;
			buildActionMask = 2147483647;
			files = (
				271458A019BACBCD008985A6 /* Project1Tests.swift in Sources */,
			);
			runOnlyForDeploymentPostprocessing = 0;
		};
/* End PBXSourcesBuildPhase section */

/* Begin PBXTargetDependency section */
		2714589B19BACBCD008985A6 /* PBXTargetDependency */ = {
			isa = PBXTargetDependency;
			target = 2714588619BACBCD008985A6 /* Project1 */;
			targetProxy = 2714589A19BACBCD008985A6 /* PBXContainerItemProxy */;
		};
/* End PBXTargetDependency section */

/* Begin PBXVariantGroup section */
		2714589019BACBCD008985A6 /* Main.storyboard */ = {
			isa = PBXVariantGroup;
			children = (
				2714589119BACBCD008985A6 /* Base */,
			);
			name = Main.storyboard;
			sourceTree = "<group>";
		};
/* End PBXVariantGroup section */

/* Begin XCBuildConfiguration section */
		271458A119BACBCD008985A6 /* Debug */ = {
			isa = XCBuildConfiguration;
			buildSettings = {
				ALWAYS_SEARCH_USER_PATHS = NO;
				CLANG_CXX_LANGUAGE_STANDARD = "gnu++0x";
				CLANG_CXX_LIBRARY = "libc++";
				CLANG_ENABLE_MODULES = YES;
				CLANG_ENABLE_OBJC_ARC = YES;
				CLANG_WARN_BOOL_CONVERSION = YES;
				CLANG_WARN_CONSTANT_CONVERSION = YES;
				CLANG_WARN_DIRECT_OBJC_ISA_USAGE = YES_ERROR;
				CLANG_WARN_EMPTY_BODY = YES;
				CLANG_WARN_ENUM_CONVERSION = YES;
				CLANG_WARN_INT_CONVERSION = YES;
				CLANG_WARN_OBJC_ROOT_CLASS = YES_ERROR;
				CLANG_WARN_UNREACHABLE_CODE = YES;
				CLANG_WARN__DUPLICATE_METHOD_MATCH = YES;
				"CODE_SIGN_IDENTITY[sdk=iphoneos*]" = "iPhone Developer";
				COPY_PHASE_STRIP = NO;
				ENABLE_STRICT_OBJC_MSGSEND = YES;
				GCC_C_LANGUAGE_STANDARD = gnu99;
				GCC_DYNAMIC_NO_PIC = NO;
				GCC_OPTIMIZATION_LEVEL = 0;
				GCC_PREPROCESSOR_DEFINITIONS = (
					"DEBUG=1",
					"$(inherited)",
				);
				GCC_SYMBOLS_PRIVATE_EXTERN = NO;
				GCC_WARN_64_TO_32_BIT_CONVERSION = YES;
				GCC_WARN_ABOUT_RETURN_TYPE = YES_ERROR;
				GCC_WARN_UNDECLARED_SELECTOR = YES;
				GCC_WARN_UNINITIALIZED_AUTOS = YES_AGGRESSIVE;
				GCC_WARN_UNUSED_FUNCTION = YES;
				GCC_WARN_UNUSED_VARIABLE = YES;
				IPHONEOS_DEPLOYMENT_TARGET = 8.0;
				MTL_ENABLE_DEBUG_INFO = YES;
				ONLY_ACTIVE_ARCH = YES;
				SDKROOT = iphoneos;
				SWIFT_OPTIMIZATION_LEVEL = "-Onone";
				TARGETED_DEVICE_FAMILY = "1,2";
			};
			name = Debug;
		};
		271458A219BACBCD008985A6 /* Release */ = {
			isa = XCBuildConfiguration;
			buildSettings = {
				ALWAYS_SEARCH_USER_PATHS = NO;
				CLANG_CXX_LANGUAGE_STANDARD = "gnu++0x";
				CLANG_CXX_LIBRARY = "libc++";
				CLANG_ENABLE_MODULES = YES;
				CLANG_ENABLE_OBJC_ARC = YES;
				CLANG_WARN_BOOL_CONVERSION = YES;
				CLANG_WARN_CONSTANT_CONVERSION = YES;
				CLANG_WARN_DIRECT_OBJC_ISA_USAGE = YES_ERROR;
				CLANG_WARN_EMPTY_BODY = YES;
				CLANG_WARN_ENUM_CONVERSION = YES;
				CLANG_WARN_INT_CONVERSION = YES;
				CLANG_WARN_OBJC_ROOT_CLASS = YES_ERROR;
				CLANG_WARN_UNREACHABLE_CODE = YES;
				CLANG_WARN__DUPLICATE_METHOD_MATCH = YES;
				"CODE_SIGN_IDENTITY[sdk=iphoneos*]" = "iPhone Developer";
				COPY_PHASE_STRIP = YES;
				ENABLE_NS_ASSERTIONS = NO;
				ENABLE_STRICT_OBJC_MSGSEND = YES;
				GCC_C_LANGUAGE_STANDARD = gnu99;
				GCC_WARN_64_TO_32_BIT_CONVERSION = YES;
				GCC_WARN_ABOUT_RETURN_TYPE = YES_ERROR;
				GCC_WARN_UNDECLARED_SELECTOR = YES;
				GCC_WARN_UNINITIALIZED_AUTOS = YES_AGGRESSIVE;
				GCC_WARN_UNUSED_FUNCTION = YES;
				GCC_WARN_UNUSED_VARIABLE = YES;
				IPHONEOS_DEPLOYMENT_TARGET = 8.0;
				MTL_ENABLE_DEBUG_INFO = NO;
				SDKROOT = iphoneos;
				TARGETED_DEVICE_FAMILY = "1,2";
				VALIDATE_PRODUCT = YES;
			};
			name = Release;
		};
		271458A419BACBCD008985A6 /* Debug */ = {
			isa = XCBuildConfiguration;
			buildSettings = {
				ASSETCATALOG_COMPILER_APPICON_NAME = AppIcon;
				ASSETCATALOG_COMPILER_LAUNCHIMAGE_NAME = LaunchImage;
				INFOPLIST_FILE = Project1/Info.plist;
				LD_RUNPATH_SEARCH_PATHS = "$(inherited) @executable_path/Frameworks";
				PRODUCT_NAME = "$(TARGET_NAME)";
				SWIFT_OBJC_BRIDGING_HEADER = "Bridging-header.h";
			};
			name = Debug;
		};
		271458A519BACBCD008985A6 /* Release */ = {
			isa = XCBuildConfiguration;
			buildSettings = {
				ASSETCATALOG_COMPILER_APPICON_NAME = AppIcon;
				ASSETCATALOG_COMPILER_LAUNCHIMAGE_NAME = LaunchImage;
				INFOPLIST_FILE = Project1/Info.plist;
				LD_RUNPATH_SEARCH_PATHS = "$(inherited) @executable_path/Frameworks";
				PRODUCT_NAME = "$(TARGET_NAME)";
				SWIFT_OBJC_BRIDGING_HEADER = "Bridging-header.h";
			};
			name = Release;
		};
		271458A719BACBCD008985A6 /* Debug */ = {
			isa = XCBuildConfiguration;
			buildSettings = {
				BUNDLE_LOADER = "$(TEST_HOST)";
				FRAMEWORK_SEARCH_PATHS = (
					"$(SDKROOT)/Developer/Library/Frameworks",
					"$(inherited)",
				);
				GCC_PREPROCESSOR_DEFINITIONS = (
					"DEBUG=1",
					"$(inherited)",
				);
				INFOPLIST_FILE = Project1Tests/Info.plist;
				LD_RUNPATH_SEARCH_PATHS = "$(inherited) @executable_path/Frameworks @loader_path/Frameworks";
				PRODUCT_NAME = "$(TARGET_NAME)";
				TEST_HOST = "$(BUILT_PRODUCTS_DIR)/Project1.app/Project1";
			};
			name = Debug;
		};
		271458A819BACBCD008985A6 /* Release */ = {
			isa = XCBuildConfiguration;
			buildSettings = {
				BUNDLE_LOADER = "$(TEST_HOST)";
				FRAMEWORK_SEARCH_PATHS = (
					"$(SDKROOT)/Developer/Library/Frameworks",
					"$(inherited)",
				);
				INFOPLIST_FILE = Project1Tests/Info.plist;
				LD_RUNPATH_SEARCH_PATHS = "$(inherited) @executable_path/Frameworks @loader_path/Frameworks";
				PRODUCT_NAME = "$(TARGET_NAME)";
				TEST_HOST = "$(BUILT_PRODUCTS_DIR)/Project1.app/Project1";
			};
			name = Release;
		};
/* End XCBuildConfiguration section */

/* Begin XCConfigurationList section */
		2714588219BACBCD008985A6 /* Build configuration list for PBXProject "Project1" */ = {
			isa = XCConfigurationList;
			buildConfigurations = (
				271458A119BACBCD008985A6 /* Debug */,
				271458A219BACBCD008985A6 /* Release */,
			);
			defaultConfigurationIsVisible = 0;
			defaultConfigurationName = Release;
		};
		271458A319BACBCD008985A6 /* Build configuration list for PBXNativeTarget "Project1" */ = {
			isa = XCConfigurationList;
			buildConfigurations = (
				271458A419BACBCD008985A6 /* Debug */,
				271458A519BACBCD008985A6 /* Release */,
			);
			defaultConfigurationIsVisible = 0;
			defaultConfigurationName = Release;
		};
		271458A619BACBCD008985A6 /* Build configuration list for PBXNativeTarget "Project1Tests" */ = {
			isa = XCConfigurationList;
			buildConfigurations = (
				271458A719BACBCD008985A6 /* Debug */,
				271458A819BACBCD008985A6 /* Release */,
			);
			defaultConfigurationIsVisible = 0;
			defaultConfigurationName = Release;
		};
/* End XCConfigurationList section */
	};
	rootObject = 2714587F19BACBCD008985A6 /* Project object */;
}
